<?xml version="1.0" encoding="utf-8"?>
<Project ToolsVersion="4.0" xmlns="http://schemas.microsoft.com/developer/msbuild/2003">
  <ItemGroup>
    <Filter Include="Quelldateien">
      <UniqueIdentifier>{4FC737F1-C7A5-4376-A066-2A32D752A2FF}</UniqueIdentifier>
      <Extensions>cpp;c;cc;cxx;def;odl;idl;hpj;bat;asm;asmx</Extensions>
    </Filter>
    <Filter Include="Headerdateien">
      <UniqueIdentifier>{93995380-89BD-4b04-88EB-625FBE52EBFB}</UniqueIdentifier>
      <Extensions>h;hh;hpp;hxx;hm;inl;inc;xsd</Extensions>
    </Filter>
    <Filter Include="Ressourcendateien">
      <UniqueIdentifier>{67DA6AB6-F800-4c08-8B7A-83BB121AAD01}</UniqueIdentifier>
      <Extensions>rc;ico;cur;bmp;dlg;rc2;rct;bin;rgs;gif;jpg;jpeg;jpe;resx;tiff;tif;png;wav;mfcribbon-ms</Extensions>
    </Filter>
    <Filter Include="Shared">
      <UniqueIdentifier>{df2584ba-d36e-4809-902f-66ae2e69a9ac}</UniqueIdentifier>
    </Filter>
  </ItemGroup>
  <ItemGroup>
    <ClInclude Include="script.h">
      <Filter>Headerdateien</Filter>
    </ClInclude>
    <ClInclude Include="AudioHandler.h">
      <Filter>Headerdateien</Filter>
    </ClInclude>
    <ClInclude Include="Clone.h">
      <Filter>Headerdateien</Filter>
    </ClInclude>
    <ClInclude Include="TimeCycleManager.h">
      <Filter>Headerdateien</Filter>
    </ClInclude>
    <ClInclude Include="Steuerung.h">
      <Filter>Headerdateien</Filter>
    </ClInclude>
    <ClInclude Include="Utils\INIutils.hpp">
      <Filter>Headerdateien</Filter>
    </ClInclude>
    <ClInclude Include="Utils\UIutils.hpp">
      <Filter>Headerdateien</Filter>
    </ClInclude>
    <ClInclude Include="Settings.h">
      <Filter>Headerdateien</Filter>
    </ClInclude>
    <ClInclude Include="Graphics\Plot.h">
      <Filter>Headerdateien</Filter>
    </ClInclude>
    <ClInclude Include="Graphics\StickPlot.h">
      <Filter>Headerdateien</Filter>
    </ClInclude>
    <ClInclude Include="Graphics\CurvePlot.h">
      <Filter>Headerdateien</Filter>
    </ClInclude>
    <ClInclude Include="Input\Gamepad.h">
      <Filter>Headerdateien</Filter>
    </ClInclude>
    <ClInclude Include="LeFixDrone.h">
      <Filter>Headerdateien</Filter>
    </ClInclude>
    <ClInclude Include="nativesExtended.h">
      <Filter>Headerdateien</Filter>
    </ClInclude>
    <ClInclude Include="Drone\Drone.h">
      <Filter>Headerdateien</Filter>
    </ClInclude>
    <ClInclude Include="Drone\DroneController.h">
      <Filter>Headerdateien</Filter>
    </ClInclude>
    <ClInclude Include="Drone\DroneControllerAcro.h">
      <Filter>Headerdateien</Filter>
    </ClInclude>
    <ClInclude Include="Drone\DroneControllerLevel.h">
      <Filter>Headerdateien</Filter>
    </ClInclude>
    <ClInclude Include="Drone\DroneState.h">
      <Filter>Headerdateien</Filter>
    </ClInclude>
    <ClInclude Include="Drone\PID.h">
      <Filter>Headerdateien</Filter>
    </ClInclude>
    <ClInclude Include="Drone\PID_Quat.h">
      <Filter>Headerdateien</Filter>
    </ClInclude>
    <ClInclude Include="Graphics\ColorRGBA.h">
      <Filter>Headerdateien</Filter>
    </ClInclude>
    <ClInclude Include="Drone\PID_Vect.h">
      <Filter>Headerdateien</Filter>
    </ClInclude>
    <ClInclude Include="Cams\IndieCam.h">
      <Filter>Headerdateien</Filter>
    </ClInclude>
    <ClInclude Include="Cams\FollowPointCam.h">
      <Filter>Headerdateien</Filter>
    </ClInclude>
    <ClInclude Include="GTAVMenuBase\menucontrols.h">
      <Filter>Headerdateien</Filter>
    </ClInclude>
    <ClInclude Include="GTAVMenuBase\menukeyboard.h">
      <Filter>Headerdateien</Filter>
    </ClInclude>
    <ClInclude Include="GTAVMenuBase\menu.h">
      <Filter>Headerdateien</Filter>
    </ClInclude>
    <ClInclude Include="Input\keyboard.h">
      <Filter>Headerdateien</Filter>
    </ClInclude>
  </ItemGroup>
  <ItemGroup>
    <ClCompile Include="main.cpp">
      <Filter>Quelldateien</Filter>
    </ClCompile>
    <ClCompile Include="script.cpp">
      <Filter>Quelldateien</Filter>
    </ClCompile>
    <ClCompile Include="AudioHandler.cpp">
      <Filter>Quelldateien</Filter>
    </ClCompile>
    <ClCompile Include="Clone.cpp">
      <Filter>Quelldateien</Filter>
    </ClCompile>
    <ClCompile Include="TimeCycleManager.cpp">
      <Filter>Quelldateien</Filter>
    </ClCompile>
    <ClCompile Include="Steuerung.cpp">
      <Filter>Quelldateien</Filter>
    </ClCompile>
    <ClCompile Include="Utils\INIutils.cpp">
      <Filter>Quelldateien</Filter>
    </ClCompile>
    <ClCompile Include="Utils\UIutils.cpp">
      <Filter>Quelldateien</Filter>
    </ClCompile>
    <ClCompile Include="Settings.cpp">
      <Filter>Quelldateien</Filter>
    </ClCompile>
    <ClCompile Include="Graphics\Plot.cpp">
      <Filter>Quelldateien</Filter>
    </ClCompile>
    <ClCompile Include="Graphics\StickPlot.cpp">
      <Filter>Quelldateien</Filter>
    </ClCompile>
    <ClCompile Include="Graphics\CurvePlot.cpp">
      <Filter>Quelldateien</Filter>
    </ClCompile>
    <ClCompile Include="Input\Gamepad.cpp">
      <Filter>Quelldateien</Filter>
    </ClCompile>
    <ClCompile Include="nativesExtended.cpp">
      <Filter>Quelldateien</Filter>
    </ClCompile>
    <ClCompile Include="Drone\Drone.cpp">
      <Filter>Quelldateien</Filter>
    </ClCompile>
    <ClCompile Include="Drone\DroneControllerAcro.cpp">
      <Filter>Quelldateien</Filter>
    </ClCompile>
    <ClCompile Include="Drone\DroneControllerLevel.cpp">
      <Filter>Quelldateien</Filter>
    </ClCompile>
    <ClCompile Include="Drone\DroneState.cpp">
      <Filter>Quelldateien</Filter>
    </ClCompile>
    <ClCompile Include="Drone\PID.cpp">
      <Filter>Quelldateien</Filter>
    </ClCompile>
    <ClCompile Include="Drone\PID_Quat.cpp">
      <Filter>Quelldateien</Filter>
    </ClCompile>
    <ClCompile Include="Graphics\ColorRGBA.cpp">
      <Filter>Quelldateien</Filter>
    </ClCompile>
    <ClCompile Include="Drone\PID_Vect.cpp">
      <Filter>Quelldateien</Filter>
    </ClCompile>
    <ClCompile Include="Cams\IndieCam.cpp">
      <Filter>Quelldateien</Filter>
    </ClCompile>
    <ClCompile Include="Cams\FollowPointCam.cpp">
      <Filter>Quelldateien</Filter>
    </ClCompile>
    <ClCompile Include="GTAVMenuBase\menukeyboard.cpp">
      <Filter>Quelldateien</Filter>
    </ClCompile>
    <ClCompile Include="GTAVMenuBase\menu.cpp">
      <Filter>Quelldateien</Filter>
    </ClCompile>
    <ClCompile Include="GTAVMenuBase\menucontrols.cpp">
      <Filter>Quelldateien</Filter>
    </ClCompile>
    <ClCompile Include="Input\keyboard.cpp">
      <Filter>Quelldateien</Filter>
    </ClCompile>
  </ItemGroup>
</Project>